
Microsoft Visual Studio Solution File, Format Version 12.00
# Visual Studio Version 17
VisualStudioVersion = 17.2.32602.215
MinimumVisualStudioVersion = 10.0.40219.1
Project("{9092AA53-FB77-4645-B42D-1CCCA6BD08BD}") = "Website", "Website\Website.njsproj", "{AA191C84-B259-4B35-ACEA-C758CA62B605}"
EndProject
Global
	GlobalSection(SolutionConfigurationPlatforms) = preSolution
		Debug|Any CPU = Debug|Any CPU
		Release|Any CPU = Release|Any CPU
	EndGlobalSection
	GlobalSection(ProjectConfigurationPlatforms) = postSolution
		{AA191C84-B259-4B35-ACEA-C758CA62B605}.Debug|Any CPU.ActiveCfg = Debug|Any CPU
		{AA191C84-B259-4B35-ACEA-C758CA62B605}.Debug|Any CPU.Build.0 = Debug|Any CPU
		{AA191C84-B259-4B35-ACEA-C758CA62B605}.Release|Any CPU.ActiveCfg = Release|Any CPU
		{AA191C84-B259-4B35-ACEA-C758CA62B605}.Release|Any CPU.Build.0 = Release|Any CPU
	EndGlobalSection
	GlobalSection(SolutionProperties) = preSolution
		HideSolutionNode = FALSE
	EndGlobalSection
	GlobalSection(ExtensibilityGlobals) = postSolution
		SolutionGuid = {2B9CE7B7-2479-4088-9CC3-4037F5D31262}
	EndGlobalSection
EndGlobal
